
Microsoft Visual Studio Solution File, Format Version 12.00
# Visual Studio 15
VisualStudioVersion = 15.0.27703.2026
MinimumVisualStudioVersion = 10.0.40219.1
Project("{FAE04EC0-301F-11D3-BF4B-00C04F79EFBC}") = "KDContest", "KDContest\KDContest.csproj", "{F46122C1-B787-4426-8487-9A5EA17F4AA8}"
EndProject
Global
	GlobalSection(SolutionConfigurationPlatforms) = preSolution
		Debug|Any CPU = Debug|Any CPU
		Release|Any CPU = Release|Any CPU
	EndGlobalSection
	GlobalSection(ProjectConfigurationPlatforms) = postSolution
		{F46122C1-B787-4426-8487-9A5EA17F4AA8}.Debug|Any CPU.ActiveCfg = Debug|Any CPU
		{F46122C1-B787-4426-8487-9A5EA17F4AA8}.Debug|Any CPU.Build.0 = Debug|Any CPU
		{F46122C1-B787-4426-8487-9A5EA17F4AA8}.Release|Any CPU.ActiveCfg = Release|Any CPU
		{F46122C1-B787-4426-8487-9A5EA17F4AA8}.Release|Any CPU.Build.0 = Release|Any CPU
	EndGlobalSection
	GlobalSection(SolutionProperties) = preSolution
		HideSolutionNode = FALSE
	EndGlobalSection
	GlobalSection(ExtensibilityGlobals) = postSolution
		SolutionGuid = {2C9A3DA0-68D2-4602-A045-E16B8EEAEC4F}
	EndGlobalSection
EndGlobal
